
Microsoft Visual Studio Solution File, Format Version 12.00
# Visual Studio Version 17
VisualStudioVersion = 17.1.32407.343
MinimumVisualStudioVersion = 10.0.40219.1
Project("{FAE04EC0-301F-11D3-BF4B-00C04F79EFBC}") = "MvcProject", "MvcProject\MvcProject.csproj", "{7A2F89FC-8495-4DCD-ADC9-C54321A87E3C}"
EndProject
Global
	GlobalSection(SolutionConfigurationPlatforms) = preSolution
		Debug|Any CPU = Debug|Any CPU
		Release|Any CPU = Release|Any CPU
	EndGlobalSection
	GlobalSection(ProjectConfigurationPlatforms) = postSolution
		{7A2F89FC-8495-4DCD-ADC9-C54321A87E3C}.Debug|Any CPU.ActiveCfg = Debug|Any CPU
		{7A2F89FC-8495-4DCD-ADC9-C54321A87E3C}.Debug|Any CPU.Build.0 = Debug|Any CPU
		{7A2F89FC-8495-4DCD-ADC9-C54321A87E3C}.Release|Any CPU.ActiveCfg = Release|Any CPU
		{7A2F89FC-8495-4DCD-ADC9-C54321A87E3C}.Release|Any CPU.Build.0 = Release|Any CPU
	EndGlobalSection
	GlobalSection(SolutionProperties) = preSolution
		HideSolutionNode = FALSE
	EndGlobalSection
	GlobalSection(ExtensibilityGlobals) = postSolution
		SolutionGuid = {44E3247C-A7BA-4E41-B05C-9714D7EF9326}
	EndGlobalSection
EndGlobal
